
Microsoft Visual Studio Solution File, Format Version 12.00
# Visual Studio Version 16
VisualStudioVersion = 16.0.31025.194
MinimumVisualStudioVersion = 10.0.40219.1
Project("{FAE04EC0-301F-11D3-BF4B-00C04F79EFBC}") = "CADSelfTappingScrewUI", "CADSelfTappingScrewUI.csproj", "{44796A2E-E3AF-4253-980B-49FA267E708E}"
EndProject
Project("{FAE04EC0-301F-11D3-BF4B-00C04F79EFBC}") = "CADSelfTappingScrew", "..\CADSelfTappingScrew\CADSelfTappingScrew.csproj", "{F3F6EF5E-3E8D-47F1-A536-5A07D0D53A76}"
EndProject
Project("{FAE04EC0-301F-11D3-BF4B-00C04F79EFBC}") = "Kompas3DWrapper", "..\Kompas3DWrapper\Kompas3DWrapper.csproj", "{30C16564-0518-4B65-A38A-E05470CF8A08}"
EndProject
Project("{2150E333-8FDC-42A3-9474-1A3956D46DE8}") = "Testing", "Testing", "{32F5A7AB-FC0C-4723-9DC8-5E970EA75E86}"
EndProject
Project("{FAE04EC0-301F-11D3-BF4B-00C04F79EFBC}") = "CADSelfTappingScrew.UnitTests", "..\Testing\CADSelfTappingScrew.UnitTests\CADSelfTappingScrew.UnitTests.csproj", "{546E9CBB-8643-41AF-85C9-7921BA78C560}"
EndProject
Global
	GlobalSection(SolutionConfigurationPlatforms) = preSolution
		Debug|Any CPU = Debug|Any CPU
		Release|Any CPU = Release|Any CPU
	EndGlobalSection
	GlobalSection(ProjectConfigurationPlatforms) = postSolution
		{44796A2E-E3AF-4253-980B-49FA267E708E}.Debug|Any CPU.ActiveCfg = Debug|Any CPU
		{44796A2E-E3AF-4253-980B-49FA267E708E}.Debug|Any CPU.Build.0 = Debug|Any CPU
		{44796A2E-E3AF-4253-980B-49FA267E708E}.Release|Any CPU.ActiveCfg = Release|Any CPU
		{44796A2E-E3AF-4253-980B-49FA267E708E}.Release|Any CPU.Build.0 = Release|Any CPU
		{F3F6EF5E-3E8D-47F1-A536-5A07D0D53A76}.Debug|Any CPU.ActiveCfg = Debug|Any CPU
		{F3F6EF5E-3E8D-47F1-A536-5A07D0D53A76}.Debug|Any CPU.Build.0 = Debug|Any CPU
		{F3F6EF5E-3E8D-47F1-A536-5A07D0D53A76}.Release|Any CPU.ActiveCfg = Release|Any CPU
		{F3F6EF5E-3E8D-47F1-A536-5A07D0D53A76}.Release|Any CPU.Build.0 = Release|Any CPU
		{30C16564-0518-4B65-A38A-E05470CF8A08}.Debug|Any CPU.ActiveCfg = Debug|Any CPU
		{30C16564-0518-4B65-A38A-E05470CF8A08}.Debug|Any CPU.Build.0 = Debug|Any CPU
		{30C16564-0518-4B65-A38A-E05470CF8A08}.Release|Any CPU.ActiveCfg = Release|Any CPU
		{30C16564-0518-4B65-A38A-E05470CF8A08}.Release|Any CPU.Build.0 = Release|Any CPU
		{546E9CBB-8643-41AF-85C9-7921BA78C560}.Debug|Any CPU.ActiveCfg = Debug|Any CPU
		{546E9CBB-8643-41AF-85C9-7921BA78C560}.Debug|Any CPU.Build.0 = Debug|Any CPU
		{546E9CBB-8643-41AF-85C9-7921BA78C560}.Release|Any CPU.ActiveCfg = Release|Any CPU
		{546E9CBB-8643-41AF-85C9-7921BA78C560}.Release|Any CPU.Build.0 = Release|Any CPU
	EndGlobalSection
	GlobalSection(SolutionProperties) = preSolution
		HideSolutionNode = FALSE
	EndGlobalSection
	GlobalSection(NestedProjects) = preSolution
		{546E9CBB-8643-41AF-85C9-7921BA78C560} = {32F5A7AB-FC0C-4723-9DC8-5E970EA75E86}
	EndGlobalSection
	GlobalSection(ExtensibilityGlobals) = postSolution
		SolutionGuid = {7F3C7474-C5FD-4918-B8AA-A3C7B9A83F65}
	EndGlobalSection
EndGlobal
