
Microsoft Visual Studio Solution File, Format Version 12.00
# Visual Studio Version 16
VisualStudioVersion = 16.0.31025.194
MinimumVisualStudioVersion = 10.0.40219.1
Project("{FAE04EC0-301F-11D3-BF4B-00C04F79EFBC}") = "CADSelfTappingScrewUI", "CADSelfTappingScrewUI.csproj", "{44796A2E-E3AF-4253-980B-49FA267E708E}"
EndProject
Global
	GlobalSection(SolutionConfigurationPlatforms) = preSolution
		Debug|Any CPU = Debug|Any CPU
		Release|Any CPU = Release|Any CPU
	EndGlobalSection
	GlobalSection(ProjectConfigurationPlatforms) = postSolution
		{44796A2E-E3AF-4253-980B-49FA267E708E}.Debug|Any CPU.ActiveCfg = Debug|Any CPU
		{44796A2E-E3AF-4253-980B-49FA267E708E}.Debug|Any CPU.Build.0 = Debug|Any CPU
		{44796A2E-E3AF-4253-980B-49FA267E708E}.Release|Any CPU.ActiveCfg = Release|Any CPU
		{44796A2E-E3AF-4253-980B-49FA267E708E}.Release|Any CPU.Build.0 = Release|Any CPU
	EndGlobalSection
	GlobalSection(SolutionProperties) = preSolution
		HideSolutionNode = FALSE
	EndGlobalSection
	GlobalSection(ExtensibilityGlobals) = postSolution
		SolutionGuid = {7F3C7474-C5FD-4918-B8AA-A3C7B9A83F65}
	EndGlobalSection
EndGlobal
